
Microsoft Visual Studio Solution File, Format Version 12.00
# Visual Studio 14
VisualStudioVersion = 14.0.25123.0
MinimumVisualStudioVersion = 10.0.40219.1
Project("{FAE04EC0-301F-11D3-BF4B-00C04F79EFBC}") = "BarterBot2", "BarterBot2\BarterBot2.csproj", "{49ACDF9C-B3E4-492B-9928-CFA97DF5755C}"
EndProject
Global
	GlobalSection(SolutionConfigurationPlatforms) = preSolution
		Debug|Any CPU = Debug|Any CPU
		Release|Any CPU = Release|Any CPU
	EndGlobalSection
	GlobalSection(ProjectConfigurationPlatforms) = postSolution
		{49ACDF9C-B3E4-492B-9928-CFA97DF5755C}.Debug|Any CPU.ActiveCfg = Debug|Any CPU
		{49ACDF9C-B3E4-492B-9928-CFA97DF5755C}.Debug|Any CPU.Build.0 = Debug|Any CPU
		{49ACDF9C-B3E4-492B-9928-CFA97DF5755C}.Release|Any CPU.ActiveCfg = Release|Any CPU
		{49ACDF9C-B3E4-492B-9928-CFA97DF5755C}.Release|Any CPU.Build.0 = Release|Any CPU
	EndGlobalSection
	GlobalSection(SolutionProperties) = preSolution
		HideSolutionNode = FALSE
	EndGlobalSection
EndGlobal
